
Microsoft Visual Studio Solution File, Format Version 12.00
# Visual Studio Version 17
VisualStudioVersion = 17.5.33530.505
MinimumVisualStudioVersion = 10.0.40219.1
Project("{FAE04EC0-301F-11D3-BF4B-00C04F79EFBC}") = "Ecommerece_dotnet", "Ecommerece_dotnet\Ecommerece_dotnet.csproj", "{62265045-E99B-4D00-9988-812CD592A8AF}"
EndProject
Global
	GlobalSection(SolutionConfigurationPlatforms) = preSolution
		Debug|Any CPU = Debug|Any CPU
		Release|Any CPU = Release|Any CPU
	EndGlobalSection
	GlobalSection(ProjectConfigurationPlatforms) = postSolution
		{62265045-E99B-4D00-9988-812CD592A8AF}.Debug|Any CPU.ActiveCfg = Debug|Any CPU
		{62265045-E99B-4D00-9988-812CD592A8AF}.Debug|Any CPU.Build.0 = Debug|Any CPU
		{62265045-E99B-4D00-9988-812CD592A8AF}.Release|Any CPU.ActiveCfg = Release|Any CPU
		{62265045-E99B-4D00-9988-812CD592A8AF}.Release|Any CPU.Build.0 = Release|Any CPU
	EndGlobalSection
	GlobalSection(SolutionProperties) = preSolution
		HideSolutionNode = FALSE
	EndGlobalSection
	GlobalSection(ExtensibilityGlobals) = postSolution
		SolutionGuid = {A570AF38-6F81-4665-9630-64BAA7B01C5A}
	EndGlobalSection
EndGlobal
